
Microsoft Visual Studio Solution File, Format Version 12.00
Project("{FAE04EC0-301F-11D3-BF4B-00C04F79EFBC}") = "SensorFusion.Web.Api", "SensorFusion.Web.Api\SensorFusion.Web.Api.csproj", "{B4C8C630-E49A-48F7-AB9F-856E9B7C4818}"
EndProject
Project("{FAE04EC0-301F-11D3-BF4B-00C04F79EFBC}") = "SensorFusion.IoT.SensorEmulator", "SensorFusion.IoT.SensorEmulator\SensorFusion.IoT.SensorEmulator.csproj", "{619459EB-AB5C-4765-9645-9559B178CA72}"
EndProject
Project("{FAE04EC0-301F-11D3-BF4B-00C04F79EFBC}") = "SensorFusion.Shared.Data", "SensorFusion.Shared.Data\SensorFusion.Shared.Data.csproj", "{5C230160-F108-4D59-8C89-F3A8589EFC7D}"
EndProject
Project("{FAE04EC0-301F-11D3-BF4B-00C04F79EFBC}") = "SensorFusion.Web.Receiver", "SensorFusion.Web.Receiver\SensorFusion.Web.Receiver.csproj", "{A800F246-46B0-44FD-8D0E-5607F3AA77FB}"
EndProject
Project("{FAE04EC0-301F-11D3-BF4B-00C04F79EFBC}") = "Socketize", "Socketize\Socketize.csproj", "{A63FEBDE-7A0D-42E5-B4DC-E80403B85C3C}"
EndProject
Project("{FAE04EC0-301F-11D3-BF4B-00C04F79EFBC}") = "Socketize.Extensions.DependencyInjection", "Socketize.Extensions.DependencyInjection\Socketize.Extensions.DependencyInjection.csproj", "{F9F1020C-FC77-4245-9EFF-678D9CF4B16C}"
EndProject
Project("{FAE04EC0-301F-11D3-BF4B-00C04F79EFBC}") = "SensorFusion.Shared", "SensorFusion.Shared\SensorFusion.Shared.csproj", "{842A2020-BBAF-4D84-ADE3-21C64D87FBA7}"
EndProject
Project("{FAE04EC0-301F-11D3-BF4B-00C04F79EFBC}") = "SensorFusion.Web.Infrastructure", "SensorFusion.Web.Infrastructure\SensorFusion.Web.Infrastructure.csproj", "{B51025B9-BDEF-471C-BA9F-30936939FAFE}"
EndProject
Project("{2150E333-8FDC-42A3-9474-1A3956D46DE8}") = "Web", "Web", "{D6048F89-9E4C-47C0-A384-0304190C536D}"
EndProject
Global
	GlobalSection(SolutionConfigurationPlatforms) = preSolution
		Debug|Any CPU = Debug|Any CPU
		Release|Any CPU = Release|Any CPU
	EndGlobalSection
	GlobalSection(ProjectConfigurationPlatforms) = postSolution
		{B4C8C630-E49A-48F7-AB9F-856E9B7C4818}.Debug|Any CPU.ActiveCfg = Debug|Any CPU
		{B4C8C630-E49A-48F7-AB9F-856E9B7C4818}.Debug|Any CPU.Build.0 = Debug|Any CPU
		{B4C8C630-E49A-48F7-AB9F-856E9B7C4818}.Release|Any CPU.ActiveCfg = Release|Any CPU
		{B4C8C630-E49A-48F7-AB9F-856E9B7C4818}.Release|Any CPU.Build.0 = Release|Any CPU
		{619459EB-AB5C-4765-9645-9559B178CA72}.Debug|Any CPU.ActiveCfg = Debug|Any CPU
		{619459EB-AB5C-4765-9645-9559B178CA72}.Debug|Any CPU.Build.0 = Debug|Any CPU
		{619459EB-AB5C-4765-9645-9559B178CA72}.Release|Any CPU.ActiveCfg = Release|Any CPU
		{619459EB-AB5C-4765-9645-9559B178CA72}.Release|Any CPU.Build.0 = Release|Any CPU
		{5C230160-F108-4D59-8C89-F3A8589EFC7D}.Debug|Any CPU.ActiveCfg = Debug|Any CPU
		{5C230160-F108-4D59-8C89-F3A8589EFC7D}.Debug|Any CPU.Build.0 = Debug|Any CPU
		{5C230160-F108-4D59-8C89-F3A8589EFC7D}.Release|Any CPU.ActiveCfg = Release|Any CPU
		{5C230160-F108-4D59-8C89-F3A8589EFC7D}.Release|Any CPU.Build.0 = Release|Any CPU
		{A800F246-46B0-44FD-8D0E-5607F3AA77FB}.Debug|Any CPU.ActiveCfg = Debug|Any CPU
		{A800F246-46B0-44FD-8D0E-5607F3AA77FB}.Debug|Any CPU.Build.0 = Debug|Any CPU
		{A800F246-46B0-44FD-8D0E-5607F3AA77FB}.Release|Any CPU.ActiveCfg = Release|Any CPU
		{A800F246-46B0-44FD-8D0E-5607F3AA77FB}.Release|Any CPU.Build.0 = Release|Any CPU
		{A63FEBDE-7A0D-42E5-B4DC-E80403B85C3C}.Debug|Any CPU.ActiveCfg = Debug|Any CPU
		{A63FEBDE-7A0D-42E5-B4DC-E80403B85C3C}.Debug|Any CPU.Build.0 = Debug|Any CPU
		{A63FEBDE-7A0D-42E5-B4DC-E80403B85C3C}.Release|Any CPU.ActiveCfg = Release|Any CPU
		{A63FEBDE-7A0D-42E5-B4DC-E80403B85C3C}.Release|Any CPU.Build.0 = Release|Any CPU
		{F9F1020C-FC77-4245-9EFF-678D9CF4B16C}.Debug|Any CPU.ActiveCfg = Debug|Any CPU
		{F9F1020C-FC77-4245-9EFF-678D9CF4B16C}.Debug|Any CPU.Build.0 = Debug|Any CPU
		{F9F1020C-FC77-4245-9EFF-678D9CF4B16C}.Release|Any CPU.ActiveCfg = Release|Any CPU
		{F9F1020C-FC77-4245-9EFF-678D9CF4B16C}.Release|Any CPU.Build.0 = Release|Any CPU
		{842A2020-BBAF-4D84-ADE3-21C64D87FBA7}.Debug|Any CPU.ActiveCfg = Debug|Any CPU
		{842A2020-BBAF-4D84-ADE3-21C64D87FBA7}.Debug|Any CPU.Build.0 = Debug|Any CPU
		{842A2020-BBAF-4D84-ADE3-21C64D87FBA7}.Release|Any CPU.ActiveCfg = Release|Any CPU
		{842A2020-BBAF-4D84-ADE3-21C64D87FBA7}.Release|Any CPU.Build.0 = Release|Any CPU
		{B51025B9-BDEF-471C-BA9F-30936939FAFE}.Debug|Any CPU.ActiveCfg = Debug|Any CPU
		{B51025B9-BDEF-471C-BA9F-30936939FAFE}.Debug|Any CPU.Build.0 = Debug|Any CPU
		{B51025B9-BDEF-471C-BA9F-30936939FAFE}.Release|Any CPU.ActiveCfg = Release|Any CPU
		{B51025B9-BDEF-471C-BA9F-30936939FAFE}.Release|Any CPU.Build.0 = Release|Any CPU
	EndGlobalSection
	GlobalSection(NestedProjects) = preSolution
		{B4C8C630-E49A-48F7-AB9F-856E9B7C4818} = {D6048F89-9E4C-47C0-A384-0304190C536D}
		{B51025B9-BDEF-471C-BA9F-30936939FAFE} = {D6048F89-9E4C-47C0-A384-0304190C536D}
		{A800F246-46B0-44FD-8D0E-5607F3AA77FB} = {D6048F89-9E4C-47C0-A384-0304190C536D}
	EndGlobalSection
EndGlobal
