
Microsoft Visual Studio Solution File, Format Version 12.00
Project("{FAE04EC0-301F-11D3-BF4B-00C04F79EFBC}") = "SensorFusion.App", "SensorFusion.App\SensorFusion.App.csproj", "{B4C8C630-E49A-48F7-AB9F-856E9B7C4818}"
EndProject
Project("{2150E333-8FDC-42A3-9474-1A3956D46DE8}") = "MessageBus", "MessageBus", "{E516E788-B16C-4ED7-8893-77C8C6D81FF3}"
EndProject
Project("{FAE04EC0-301F-11D3-BF4B-00C04F79EFBC}") = "SensorFusion.MessageBus.Service", "SensorFusion.MessageBus.Service\SensorFusion.MessageBus.Service.csproj", "{18A0F46B-7895-4F5F-9519-10A6EF59D967}"
EndProject
Project("{FAE04EC0-301F-11D3-BF4B-00C04F79EFBC}") = "SensorFusion.MessageBus.Client", "SensorFusion.MessageBus.Client\SensorFusion.MessageBus.Client.csproj", "{A8B351DF-25AE-4D4D-A38C-B77C62DBC2D2}"
EndProject
Project("{2150E333-8FDC-42A3-9474-1A3956D46DE8}") = "Receiver", "Receiver", "{019396BA-611A-406D-9369-C52EBA6831F3}"
EndProject
Project("{FAE04EC0-301F-11D3-BF4B-00C04F79EFBC}") = "SensorFusion.Receiver.Master", "SensorFusion.Receiver.Master\SensorFusion.Receiver.Master.csproj", "{DA51796C-292F-4BD7-9279-C3A8919BE487}"
EndProject
Project("{FAE04EC0-301F-11D3-BF4B-00C04F79EFBC}") = "SensorFusion.Receiver.Listener", "SensorFusion.Receiver.Listener\SensorFusion.Receiver.Listener.csproj", "{B054F03D-EB57-4D84-8E83-201D57694C53}"
EndProject
Project("{2150E333-8FDC-42A3-9474-1A3956D46DE8}") = "IoT", "IoT", "{AFB5F9D3-D4EB-4F0D-85FA-8BA9FF6A780F}"
EndProject
Project("{FAE04EC0-301F-11D3-BF4B-00C04F79EFBC}") = "SensorFusion.Receiver.Publisher", "SensorFusion.Receiver.Publisher\SensorFusion.Receiver.Publisher.csproj", "{27B02BC3-271D-4A52-B2B7-9F88554F81D8}"
EndProject
Project("{FAE04EC0-301F-11D3-BF4B-00C04F79EFBC}") = "SensorFusion.IoT.SensorEmulator", "SensorFusion.IoT.SensorEmulator\SensorFusion.IoT.SensorEmulator.csproj", "{619459EB-AB5C-4765-9645-9559B178CA72}"
EndProject
Project("{2150E333-8FDC-42A3-9474-1A3956D46DE8}") = "Android", "Android", "{4FFE70CD-53A9-4BD6-9A8A-0035807F4325}"
EndProject
Project("{2150E333-8FDC-42A3-9474-1A3956D46DE8}") = "Web", "Web", "{0437D399-6CB5-4033-B0A0-85DD2ECCBCDE}"
EndProject
Global
	GlobalSection(SolutionConfigurationPlatforms) = preSolution
		Debug|Any CPU = Debug|Any CPU
		Release|Any CPU = Release|Any CPU
	EndGlobalSection
	GlobalSection(ProjectConfigurationPlatforms) = postSolution
		{B4C8C630-E49A-48F7-AB9F-856E9B7C4818}.Debug|Any CPU.ActiveCfg = Debug|Any CPU
		{B4C8C630-E49A-48F7-AB9F-856E9B7C4818}.Debug|Any CPU.Build.0 = Debug|Any CPU
		{B4C8C630-E49A-48F7-AB9F-856E9B7C4818}.Release|Any CPU.ActiveCfg = Release|Any CPU
		{B4C8C630-E49A-48F7-AB9F-856E9B7C4818}.Release|Any CPU.Build.0 = Release|Any CPU
		{18A0F46B-7895-4F5F-9519-10A6EF59D967}.Debug|Any CPU.ActiveCfg = Debug|Any CPU
		{18A0F46B-7895-4F5F-9519-10A6EF59D967}.Debug|Any CPU.Build.0 = Debug|Any CPU
		{18A0F46B-7895-4F5F-9519-10A6EF59D967}.Release|Any CPU.ActiveCfg = Release|Any CPU
		{18A0F46B-7895-4F5F-9519-10A6EF59D967}.Release|Any CPU.Build.0 = Release|Any CPU
		{A8B351DF-25AE-4D4D-A38C-B77C62DBC2D2}.Debug|Any CPU.ActiveCfg = Debug|Any CPU
		{A8B351DF-25AE-4D4D-A38C-B77C62DBC2D2}.Debug|Any CPU.Build.0 = Debug|Any CPU
		{A8B351DF-25AE-4D4D-A38C-B77C62DBC2D2}.Release|Any CPU.ActiveCfg = Release|Any CPU
		{A8B351DF-25AE-4D4D-A38C-B77C62DBC2D2}.Release|Any CPU.Build.0 = Release|Any CPU
		{DA51796C-292F-4BD7-9279-C3A8919BE487}.Debug|Any CPU.ActiveCfg = Debug|Any CPU
		{DA51796C-292F-4BD7-9279-C3A8919BE487}.Debug|Any CPU.Build.0 = Debug|Any CPU
		{DA51796C-292F-4BD7-9279-C3A8919BE487}.Release|Any CPU.ActiveCfg = Release|Any CPU
		{DA51796C-292F-4BD7-9279-C3A8919BE487}.Release|Any CPU.Build.0 = Release|Any CPU
		{B054F03D-EB57-4D84-8E83-201D57694C53}.Debug|Any CPU.ActiveCfg = Debug|Any CPU
		{B054F03D-EB57-4D84-8E83-201D57694C53}.Debug|Any CPU.Build.0 = Debug|Any CPU
		{B054F03D-EB57-4D84-8E83-201D57694C53}.Release|Any CPU.ActiveCfg = Release|Any CPU
		{B054F03D-EB57-4D84-8E83-201D57694C53}.Release|Any CPU.Build.0 = Release|Any CPU
		{27B02BC3-271D-4A52-B2B7-9F88554F81D8}.Debug|Any CPU.ActiveCfg = Debug|Any CPU
		{27B02BC3-271D-4A52-B2B7-9F88554F81D8}.Debug|Any CPU.Build.0 = Debug|Any CPU
		{27B02BC3-271D-4A52-B2B7-9F88554F81D8}.Release|Any CPU.ActiveCfg = Release|Any CPU
		{27B02BC3-271D-4A52-B2B7-9F88554F81D8}.Release|Any CPU.Build.0 = Release|Any CPU
		{619459EB-AB5C-4765-9645-9559B178CA72}.Debug|Any CPU.ActiveCfg = Debug|Any CPU
		{619459EB-AB5C-4765-9645-9559B178CA72}.Debug|Any CPU.Build.0 = Debug|Any CPU
		{619459EB-AB5C-4765-9645-9559B178CA72}.Release|Any CPU.ActiveCfg = Release|Any CPU
		{619459EB-AB5C-4765-9645-9559B178CA72}.Release|Any CPU.Build.0 = Release|Any CPU
	EndGlobalSection
	GlobalSection(NestedProjects) = preSolution
		{18A0F46B-7895-4F5F-9519-10A6EF59D967} = {E516E788-B16C-4ED7-8893-77C8C6D81FF3}
		{A8B351DF-25AE-4D4D-A38C-B77C62DBC2D2} = {E516E788-B16C-4ED7-8893-77C8C6D81FF3}
		{DA51796C-292F-4BD7-9279-C3A8919BE487} = {019396BA-611A-406D-9369-C52EBA6831F3}
		{B054F03D-EB57-4D84-8E83-201D57694C53} = {019396BA-611A-406D-9369-C52EBA6831F3}
		{27B02BC3-271D-4A52-B2B7-9F88554F81D8} = {019396BA-611A-406D-9369-C52EBA6831F3}
		{619459EB-AB5C-4765-9645-9559B178CA72} = {AFB5F9D3-D4EB-4F0D-85FA-8BA9FF6A780F}
		{B4C8C630-E49A-48F7-AB9F-856E9B7C4818} = {0437D399-6CB5-4033-B0A0-85DD2ECCBCDE}
	EndGlobalSection
EndGlobal
